
Microsoft Visual Studio Solution File, Format Version 12.00
Project("{FAE04EC0-301F-11D3-BF4B-00C04F79EFBC}") = "Node_Chat", "Node_Chat\Node_Chat.csproj", "{7F3A2D6D-C775-4050-93AC-FDDC106428E6}"
EndProject
Project("{FAE04EC0-301F-11D3-BF4B-00C04F79EFBC}") = "Node_Chat_Console", "Node_Chat_Console\Node_Chat_Console.csproj", "{91CE8C79-E6F2-4F70-8519-E628C0F12C14}"
EndProject
Global
	GlobalSection(SolutionConfigurationPlatforms) = preSolution
		Debug|Any CPU = Debug|Any CPU
		Release|Any CPU = Release|Any CPU
	EndGlobalSection
	GlobalSection(ProjectConfigurationPlatforms) = postSolution
		{7F3A2D6D-C775-4050-93AC-FDDC106428E6}.Debug|Any CPU.ActiveCfg = Debug|Any CPU
		{7F3A2D6D-C775-4050-93AC-FDDC106428E6}.Debug|Any CPU.Build.0 = Debug|Any CPU
		{7F3A2D6D-C775-4050-93AC-FDDC106428E6}.Release|Any CPU.ActiveCfg = Release|Any CPU
		{7F3A2D6D-C775-4050-93AC-FDDC106428E6}.Release|Any CPU.Build.0 = Release|Any CPU
		{91CE8C79-E6F2-4F70-8519-E628C0F12C14}.Debug|Any CPU.ActiveCfg = Debug|Any CPU
		{91CE8C79-E6F2-4F70-8519-E628C0F12C14}.Debug|Any CPU.Build.0 = Debug|Any CPU
		{91CE8C79-E6F2-4F70-8519-E628C0F12C14}.Release|Any CPU.ActiveCfg = Release|Any CPU
		{91CE8C79-E6F2-4F70-8519-E628C0F12C14}.Release|Any CPU.Build.0 = Release|Any CPU
	EndGlobalSection
EndGlobal
